
Microsoft Visual Studio Solution File, Format Version 12.00
# Visual Studio Version 16
VisualStudioVersion = 16.0.29613.14
MinimumVisualStudioVersion = 10.0.40219.1
Project("{FAE04EC0-301F-11D3-BF4B-00C04F79EFBC}") = "RSSFetcherService", "RSSFetcherService\RSSFetcherService.csproj", "{E4F8229E-E7D6-4E35-BC17-3D5692E49B09}"
EndProject
Project("{FAE04EC0-301F-11D3-BF4B-00C04F79EFBC}") = "RSSCollectorService", "RSSCollectorService\RSSCollectorService.csproj", "{E1B6F0BD-B616-4C6C-BEAA-ECC2D620D866}"
EndProject
Project("{FAE04EC0-301F-11D3-BF4B-00C04F79EFBC}") = "RSSFetcherService.Tests", "RSSFetcherService.Tests\RSSFetcherService.Tests.csproj", "{A29BA423-13FA-4D42-9089-D9ADA2F564DC}"
EndProject
Project("{FAE04EC0-301F-11D3-BF4B-00C04F79EFBC}") = "RSSCollectorService.Tests", "RSSCollectorService.Tests\RSSCollectorService.Tests.csproj", "{B0EC7270-DF1F-4A17-849D-FCBDE5FD270B}"
EndProject
Global
	GlobalSection(SolutionConfigurationPlatforms) = preSolution
		Debug|Any CPU = Debug|Any CPU
		Release|Any CPU = Release|Any CPU
	EndGlobalSection
	GlobalSection(ProjectConfigurationPlatforms) = postSolution
		{E4F8229E-E7D6-4E35-BC17-3D5692E49B09}.Debug|Any CPU.ActiveCfg = Debug|Any CPU
		{E4F8229E-E7D6-4E35-BC17-3D5692E49B09}.Debug|Any CPU.Build.0 = Debug|Any CPU
		{E4F8229E-E7D6-4E35-BC17-3D5692E49B09}.Release|Any CPU.ActiveCfg = Release|Any CPU
		{E4F8229E-E7D6-4E35-BC17-3D5692E49B09}.Release|Any CPU.Build.0 = Release|Any CPU
		{E1B6F0BD-B616-4C6C-BEAA-ECC2D620D866}.Debug|Any CPU.ActiveCfg = Debug|Any CPU
		{E1B6F0BD-B616-4C6C-BEAA-ECC2D620D866}.Debug|Any CPU.Build.0 = Debug|Any CPU
		{E1B6F0BD-B616-4C6C-BEAA-ECC2D620D866}.Release|Any CPU.ActiveCfg = Release|Any CPU
		{E1B6F0BD-B616-4C6C-BEAA-ECC2D620D866}.Release|Any CPU.Build.0 = Release|Any CPU
		{A29BA423-13FA-4D42-9089-D9ADA2F564DC}.Debug|Any CPU.ActiveCfg = Debug|Any CPU
		{A29BA423-13FA-4D42-9089-D9ADA2F564DC}.Debug|Any CPU.Build.0 = Debug|Any CPU
		{A29BA423-13FA-4D42-9089-D9ADA2F564DC}.Release|Any CPU.ActiveCfg = Release|Any CPU
		{A29BA423-13FA-4D42-9089-D9ADA2F564DC}.Release|Any CPU.Build.0 = Release|Any CPU
		{B0EC7270-DF1F-4A17-849D-FCBDE5FD270B}.Debug|Any CPU.ActiveCfg = Debug|Any CPU
		{B0EC7270-DF1F-4A17-849D-FCBDE5FD270B}.Debug|Any CPU.Build.0 = Debug|Any CPU
		{B0EC7270-DF1F-4A17-849D-FCBDE5FD270B}.Release|Any CPU.ActiveCfg = Release|Any CPU
		{B0EC7270-DF1F-4A17-849D-FCBDE5FD270B}.Release|Any CPU.Build.0 = Release|Any CPU
	EndGlobalSection
	GlobalSection(SolutionProperties) = preSolution
		HideSolutionNode = FALSE
	EndGlobalSection
	GlobalSection(ExtensibilityGlobals) = postSolution
		SolutionGuid = {53BC0548-7CE6-4597-9539-0B927EFFC01B}
	EndGlobalSection
EndGlobal
